
Microsoft Visual Studio Solution File, Format Version 12.00
# Visual Studio Version 16
VisualStudioVersion = 16.0.29001.49
MinimumVisualStudioVersion = 10.0.40219.1
Project("{FAE04EC0-301F-11D3-BF4B-00C04F79EFBC}") = "MergeString", "MergeString\MergeString.csproj", "{F6EC8D75-75D0-4012-95C1-41C750C6A5E1}"
EndProject
Global
	GlobalSection(SolutionConfigurationPlatforms) = preSolution
		Debug|Any CPU = Debug|Any CPU
		Release|Any CPU = Release|Any CPU
	EndGlobalSection
	GlobalSection(ProjectConfigurationPlatforms) = postSolution
		{F6EC8D75-75D0-4012-95C1-41C750C6A5E1}.Debug|Any CPU.ActiveCfg = Debug|Any CPU
		{F6EC8D75-75D0-4012-95C1-41C750C6A5E1}.Debug|Any CPU.Build.0 = Debug|Any CPU
		{F6EC8D75-75D0-4012-95C1-41C750C6A5E1}.Release|Any CPU.ActiveCfg = Release|Any CPU
		{F6EC8D75-75D0-4012-95C1-41C750C6A5E1}.Release|Any CPU.Build.0 = Release|Any CPU
	EndGlobalSection
	GlobalSection(SolutionProperties) = preSolution
		HideSolutionNode = FALSE
	EndGlobalSection
	GlobalSection(ExtensibilityGlobals) = postSolution
		SolutionGuid = {D819094A-C83F-4F71-B40B-E56A9F2B331B}
	EndGlobalSection
EndGlobal
